PODS:
  - AFNetworking (4.0.1):
    - AFNetworking/NSURLSession (= 4.0.1)
    - AFNetworking/Reachability (= 4.0.1)
    - AFNetworking/Security (= 4.0.1)
    - AFNetworking/Serialization (= 4.0.1)
    - AFNetworking/UIKit (= 4.0.1)
  - AFNetworking/NSURLSession (4.0.1):
    - AFNetworking/Reachability
    - AFNetworking/Security
    - AFNetworking/Serialization
  - AFNetworking/Reachability (4.0.1)
  - AFNetworking/Security (4.0.1)
  - AFNetworking/Serialization (4.0.1)
  - AFNetworking/UIKit (4.0.1):
    - AFNetworking/NSURLSession
  - FMDB (2.7.5):
    - FMDB/standard (= 2.7.5)
  - FMDB/standard (2.7.5)
  - LKDBHelper (2.5.3):
    - LKDBHelper/standard (= 2.5.3)
  - LKDBHelper/standard (2.5.3):
    - FMDB

DEPENDENCIES:
  - AFNetworking (= 4.0.1)
  - LKDBHelper (= 2.5.3)

SPEC REPOS:
  https://github.com/CocoaPods/Specs.git:
    - FMDB
    - LKDBHelper
  trunk:
    - AFNetworking

SPEC CHECKSUMS:
  AFNetworking: 7864c38297c79aaca1500c33288e429c3451fdce
  FMDB: 2ce00b547f966261cd18927a3ddb07cb6f3db82a
  LKDBHelper: 26b47fdd6f4c800ef83c478554829ff8a1da20c5

PODFILE CHECKSUM: 5d3ea76075e9139ab125e7c816e932f1a1e0d8f9

COCOAPODS: 1.9.1
