PODS:
  - AFNetworking (4.0.1):
    - AFNetworking/NSURLSession (= 4.0.1)
    - AFNetworking/Reachability (= 4.0.1)
    - AFNetworking/Security (= 4.0.1)
    - AFNetworking/Serialization (= 4.0.1)
    - AFNetworking/UIKit (= 4.0.1)
  - AFNetworking/NSURLSession (4.0.1):
    - AFNetworking/Reachability
    - AFNetworking/Security
    - AFNetworking/Serialization
  - AFNetworking/Reachability (4.0.1)
  - AFNetworking/Security (4.0.1)
  - AFNetworking/Serialization (4.0.1)
  - AFNetworking/UIKit (4.0.1):
    - AFNetworking/NSURLSession
  - FMDB (2.7.5):
    - FMDB/standard (= 2.7.5)
  - FMDB/standard (2.7.5)
  - LKDBHelper (2.5.3):
    - LKDBHelper/standard (= 2.5.3)
  - LKDBHelper/standard (2.5.3):
    - FMDB
  - ProtocolBuffers (1.9.11)

DEPENDENCIES:
  - AFNetworking (= 4.0.1)
  - LKDBHelper (= 2.5.3)
  - ProtocolBuffers (= 1.9.11)

SPEC REPOS:
  https://github.com/CocoaPods/Specs.git:
    - FMDB
    - LKDBHelper
  trunk:
    - AFNetworking
    - ProtocolBuffers

SPEC CHECKSUMS:
  AFNetworking: 7864c38297c79aaca1500c33288e429c3451fdce
  FMDB: 2ce00b547f966261cd18927a3ddb07cb6f3db82a
  LKDBHelper: 26b47fdd6f4c800ef83c478554829ff8a1da20c5
  ProtocolBuffers: d509225eb2ea43d9582a59e94348fcf86e2abd65

PODFILE CHECKSUM: b0fae1f667e985d65786731a70fb4bb256932b71

COCOAPODS: 1.9.1
